// !$*UTF8*$!
{
	archiveVersion = 1;
	classes = {
	};
	objectVersion = 50;
	objects = {

/* Begin PBXBuildFile section */
		6703D5D623EC531800FE4545 /* AppDelegate.swift in Sources */ = {isa = PBXBuildFile; fileRef = 6703D5D523EC531800FE4545 /* AppDelegate.swift */; };
		6703D5D823EC531900FE4545 /* Assets.xcassets in Resources */ = {isa = PBXBuildFile; fileRef = 6703D5D723EC531900FE4545 /* Assets.xcassets */; };
		6703D5DB23EC531900FE4545 /* MainMenu.xib in Resources */ = {isa = PBXBuildFile; fileRef = 6703D5D923EC531900FE4545 /* MainMenu.xib */; };
		6703D5E423EC566700FE4545 /* StatusMenuController.swift in Sources */ = {isa = PBXBuildFile; fileRef = 6703D5E323EC566700FE4545 /* StatusMenuController.swift */; };
		6703D5FB23ECFBF900FE4545 /* ServiceManagement.framework in Frameworks */ = {isa = PBXBuildFile; fileRef = 6703D5FA23ECFBF900FE4545 /* ServiceManagement.framework */; };
		6751931B23F5B65D00ABFDDF /* AppDelegate.swift in Sources */ = {isa = PBXBuildFile; fileRef = 6751931A23F5B65D00ABFDDF /* AppDelegate.swift */; };
		6751931D23F5B65E00ABFDDF /* Assets.xcassets in Resources */ = {isa = PBXBuildFile; fileRef = 6751931C23F5B65E00ABFDDF /* Assets.xcassets */; };
		6751932023F5B65E00ABFDDF /* MainMenu.xib in Resources */ = {isa = PBXBuildFile; fileRef = 6751931E23F5B65E00ABFDDF /* MainMenu.xib */; };
		6751932623F5B68800ABFDDF /* HostBatteryHelper.app in Copy Files */ = {isa = PBXBuildFile; fileRef = 6751931823F5B65D00ABFDDF /* HostBatteryHelper.app */; settings = {ATTRIBUTES = (RemoveHeadersOnCopy, ); }; };
/* End PBXBuildFile section */

/* Begin PBXCopyFilesBuildPhase section */
		6779B0D923EDA1FE0002983E /* Copy Files */ = {
			isa = PBXCopyFilesBuildPhase;
			buildActionMask = 12;
			dstPath = Contents/Library/LoginItems;
			dstSubfolderSpec = 1;
			files = (
				6751932623F5B68800ABFDDF /* HostBatteryHelper.app in Copy Files */,
			);
			name = "Copy Files";
			runOnlyForDeploymentPostprocessing = 0;
		};
/* End PBXCopyFilesBuildPhase section */

/* Begin PBXFileReference section */
		6703D5D223EC531800FE4545 /* HostBattery.app */ = {isa = PBXFileReference; explicitFileType = wrapper.application; includeInIndex = 0; path = HostBattery.app; sourceTree = BUILT_PRODUCTS_DIR; };
		6703D5D523EC531800FE4545 /* AppDelegate.swift */ = {isa = PBXFileReference; lastKnownFileType = sourcecode.swift; path = AppDelegate.swift; sourceTree = "<group>"; };
		6703D5D723EC531900FE4545 /* Assets.xcassets */ = {isa = PBXFileReference; lastKnownFileType = folder.assetcatalog; path = Assets.xcassets; sourceTree = "<group>"; };
		6703D5DA23EC531900FE4545 /* Base */ = {isa = PBXFileReference; lastKnownFileType = file.xib; name = Base; path = Base.lproj/MainMenu.xib; sourceTree = "<group>"; };
		6703D5DC23EC531900FE4545 /* Info.plist */ = {isa = PBXFileReference; lastKnownFileType = text.plist.xml; path = Info.plist; sourceTree = "<group>"; };
		6703D5DD23EC531900FE4545 /* HostBattery.entitlements */ = {isa = PBXFileReference; lastKnownFileType = text.plist.entitlements; path = HostBattery.entitlements; sourceTree = "<group>"; };
		6703D5E323EC566700FE4545 /* StatusMenuController.swift */ = {isa = PBXFileReference; lastKnownFileType = sourcecode.swift; path = StatusMenuController.swift; sourceTree = "<group>"; };
		6703D5E523ECAB5A00FE4545 /* README.md */ = {isa = PBXFileReference; lastKnownFileType = net.daringfireball.markdown; path = README.md; sourceTree = "<group>"; };
		6703D5FA23ECFBF900FE4545 /* ServiceManagement.framework */ = {isa = PBXFileReference; lastKnownFileType = wrapper.framework; name = ServiceManagement.framework; path = System/Library/Frameworks/ServiceManagement.framework; sourceTree = SDKROOT; };
		6751931823F5B65D00ABFDDF /* HostBatteryHelper.app */ = {isa = PBXFileReference; explicitFileType = wrapper.application; includeInIndex = 0; path = HostBatteryHelper.app; sourceTree = BUILT_PRODUCTS_DIR; };
		6751931A23F5B65D00ABFDDF /* AppDelegate.swift */ = {isa = PBXFileReference; lastKnownFileType = sourcecode.swift; path = AppDelegate.swift; sourceTree = "<group>"; };
		6751931C23F5B65E00ABFDDF /* Assets.xcassets */ = {isa = PBXFileReference; lastKnownFileType = folder.assetcatalog; path = Assets.xcassets; sourceTree = "<group>"; };
		6751931F23F5B65E00ABFDDF /* Base */ = {isa = PBXFileReference; lastKnownFileType = file.xib; name = Base; path = Base.lproj/MainMenu.xib; sourceTree = "<group>"; };
		6751932123F5B65E00ABFDDF /* Info.plist */ = {isa = PBXFileReference; lastKnownFileType = text.plist.xml; path = Info.plist; sourceTree = "<group>"; };
		6751932223F5B65E00ABFDDF /* HostBatteryHelper.entitlements */ = {isa = PBXFileReference; lastKnownFileType = text.plist.entitlements; path = HostBatteryHelper.entitlements; sourceTree = "<group>"; };
/* End PBXFileReference section */

/* Begin PBXFrameworksBuildPhase section */
		6703D5CF23EC531800FE4545 /* Frameworks */ = {
			isa = PBXFrameworksBuildPhase;
			buildActionMask = 2147483647;
			files = (
				6703D5FB23ECFBF900FE4545 /* ServiceManagement.framework in Frameworks */,
			);
			runOnlyForDeploymentPostprocessing = 0;
		};
		6751931523F5B65D00ABFDDF /* Frameworks */ = {
			isa = PBXFrameworksBuildPhase;
			buildActionMask = 2147483647;
			files = (
			);
			runOnlyForDeploymentPostprocessing = 0;
		};
/* End PBXFrameworksBuildPhase section */

/* Begin PBXGroup section */
		6703D5C923EC531800FE4545 = {
			isa = PBXGroup;
			children = (
				6703D5D423EC531800FE4545 /* HostBattery */,
				6751931923F5B65D00ABFDDF /* HostBatteryHelper */,
				6703D5D323EC531800FE4545 /* Products */,
				6703D5F923ECFBF900FE4545 /* Frameworks */,
			);
			sourceTree = "<group>";
		};
		6703D5D323EC531800FE4545 /* Products */ = {
			isa = PBXGroup;
			children = (
				6703D5D223EC531800FE4545 /* HostBattery.app */,
				6751931823F5B65D00ABFDDF /* HostBatteryHelper.app */,
			);
			name = Products;
			sourceTree = "<group>";
		};
		6703D5D423EC531800FE4545 /* HostBattery */ = {
			isa = PBXGroup;
			children = (
				6703D5E323EC566700FE4545 /* StatusMenuController.swift */,
				6703D5D523EC531800FE4545 /* AppDelegate.swift */,
				6703D5D723EC531900FE4545 /* Assets.xcassets */,
				6703D5E523ECAB5A00FE4545 /* README.md */,
				6703D5D923EC531900FE4545 /* MainMenu.xib */,
				6703D5DC23EC531900FE4545 /* Info.plist */,
				6703D5DD23EC531900FE4545 /* HostBattery.entitlements */,
			);
			path = HostBattery;
			sourceTree = "<group>";
		};
		6703D5F923ECFBF900FE4545 /* Frameworks */ = {
			isa = PBXGroup;
			children = (
				6703D5FA23ECFBF900FE4545 /* ServiceManagement.framework */,
			);
			name = Frameworks;
			sourceTree = "<group>";
		};
		6751931923F5B65D00ABFDDF /* HostBatteryHelper */ = {
			isa = PBXGroup;
			children = (
				6751931A23F5B65D00ABFDDF /* AppDelegate.swift */,
				6751931C23F5B65E00ABFDDF /* Assets.xcassets */,
				6751931E23F5B65E00ABFDDF /* MainMenu.xib */,
				6751932123F5B65E00ABFDDF /* Info.plist */,
				6751932223F5B65E00ABFDDF /* HostBatteryHelper.entitlements */,
			);
			path = HostBatteryHelper;
			sourceTree = "<group>";
		};
/* End PBXGroup section */

/* Begin PBXNativeTarget section */
		6703D5D123EC531800FE4545 /* HostBattery */ = {
			isa = PBXNativeTarget;
			buildConfigurationList = 6703D5E023EC531900FE4545 /* Build configuration list for PBXNativeTarget "HostBattery" */;
			buildPhases = (
				6703D5CE23EC531800FE4545 /* Sources */,
				6703D5CF23EC531800FE4545 /* Frameworks */,
				6703D5D023EC531800FE4545 /* Resources */,
				6779B0D923EDA1FE0002983E /* Copy Files */,
			);
			buildRules = (
			);
			dependencies = (
			);
			name = HostBattery;
			productName = HostBattery;
			productReference = 6703D5D223EC531800FE4545 /* HostBattery.app */;
			productType = "com.apple.product-type.application";
		};
		6751931723F5B65D00ABFDDF /* HostBatteryHelper */ = {
			isa = PBXNativeTarget;
			buildConfigurationList = 6751932323F5B65E00ABFDDF /* Build configuration list for PBXNativeTarget "HostBatteryHelper" */;
			buildPhases = (
				6751931423F5B65D00ABFDDF /* Sources */,
				6751931523F5B65D00ABFDDF /* Frameworks */,
				6751931623F5B65D00ABFDDF /* Resources */,
			);
			buildRules = (
			);
			dependencies = (
			);
			name = HostBatteryHelper;
			productName = HostBatteryHelper;
			productReference = 6751931823F5B65D00ABFDDF /* HostBatteryHelper.app */;
			productType = "com.apple.product-type.application";
		};
/* End PBXNativeTarget section */

/* Begin PBXProject section */
		6703D5CA23EC531800FE4545 /* Project object */ = {
			isa = PBXProject;
			attributes = {
				LastSwiftUpdateCheck = 1000;
				LastUpgradeCheck = 1000;
				ORGANIZATIONNAME = "Jonathan Chasteen";
				TargetAttributes = {
					6703D5D123EC531800FE4545 = {
						CreatedOnToolsVersion = 10.0;
						SystemCapabilities = {
							com.apple.Sandbox = {
								enabled = 1;
							};
						};
					};
					6751931723F5B65D00ABFDDF = {
						CreatedOnToolsVersion = 10.0;
					};
				};
			};
			buildConfigurationList = 6703D5CD23EC531800FE4545 /* Build configuration list for PBXProject "HostBattery" */;
			compatibilityVersion = "Xcode 9.3";
			developmentRegion = en;
			hasScannedForEncodings = 0;
			knownRegions = (
				en,
				Base,
			);
			mainGroup = 6703D5C923EC531800FE4545;
			productRefGroup = 6703D5D323EC531800FE4545 /* Products */;
			projectDirPath = "";
			projectRoot = "";
			targets = (
				6703D5D123EC531800FE4545 /* HostBattery */,
				6751931723F5B65D00ABFDDF /* HostBatteryHelper */,
			);
		};
/* End PBXProject section */

/* Begin PBXResourcesBuildPhase section */
		6703D5D023EC531800FE4545 /* Resources */ = {
			isa = PBXResourcesBuildPhase;
			buildActionMask = 2147483647;
			files = (
				6703D5D823EC531900FE4545 /* Assets.xcassets in Resources */,
				6703D5DB23EC531900FE4545 /* MainMenu.xib in Resources */,
			);
			runOnlyForDeploymentPostprocessing = 0;
		};
		6751931623F5B65D00ABFDDF /* Resources */ = {
			isa = PBXResourcesBuildPhase;
			buildActionMask = 2147483647;
			files = (
				6751931D23F5B65E00ABFDDF /* Assets.xcassets in Resources */,
				6751932023F5B65E00ABFDDF /* MainMenu.xib in Resources */,
			);
			runOnlyForDeploymentPostprocessing = 0;
		};
/* End PBXResourcesBuildPhase section */

/* Begin PBXSourcesBuildPhase section */
		6703D5CE23EC531800FE4545 /* Sources */ = {
			isa = PBXSourcesBuildPhase;
			buildActionMask = 2147483647;
			files = (
				6703D5E423EC566700FE4545 /* StatusMenuController.swift in Sources */,
				6703D5D623EC531800FE4545 /* AppDelegate.swift in Sources */,
			);
			runOnlyForDeploymentPostprocessing = 0;
		};
		6751931423F5B65D00ABFDDF /* Sources */ = {
			isa = PBXSourcesBuildPhase;
			buildActionMask = 2147483647;
			files = (
				6751931B23F5B65D00ABFDDF /* AppDelegate.swift in Sources */,
			);
			runOnlyForDeploymentPostprocessing = 0;
		};
/* End PBXSourcesBuildPhase section */

/* Begin PBXVariantGroup section */
		6703D5D923EC531900FE4545 /* MainMenu.xib */ = {
			isa = PBXVariantGroup;
			children = (
				6703D5DA23EC531900FE4545 /* Base */,
			);
			name = MainMenu.xib;
			sourceTree = "<group>";
		};
		6751931E23F5B65E00ABFDDF /* MainMenu.xib */ = {
			isa = PBXVariantGroup;
			children = (
				6751931F23F5B65E00ABFDDF /* Base */,
			);
			name = MainMenu.xib;
			sourceTree = "<group>";
		};
/* End PBXVariantGroup section */

/* Begin XCBuildConfiguration section */
		6703D5DE23EC531900FE4545 /* Debug */ = {
			isa = XCBuildConfiguration;
			buildSettings = {
				ALWAYS_SEARCH_USER_PATHS = NO;
				CLANG_ANALYZER_NONNULL = YES;
				CLANG_ANALYZER_NUMBER_OBJECT_CONVERSION = YES_AGGRESSIVE;
				CLANG_CXX_LANGUAGE_STANDARD = "gnu++14";
				CLANG_CXX_LIBRARY = "libc++";
				CLANG_ENABLE_MODULES = YES;
				CLANG_ENABLE_OBJC_ARC = YES;
				CLANG_ENABLE_OBJC_WEAK = YES;
				CLANG_WARN_BLOCK_CAPTURE_AUTORELEASING = YES;
				CLANG_WARN_BOOL_CONVERSION = YES;
				CLANG_WARN_COMMA = YES;
				CLANG_WARN_CONSTANT_CONVERSION = YES;
				CLANG_WARN_DEPRECATED_OBJC_IMPLEMENTATIONS = YES;
				CLANG_WARN_DIRECT_OBJC_ISA_USAGE = YES_ERROR;
				CLANG_WARN_DOCUMENTATION_COMMENTS = YES;
				CLANG_WARN_EMPTY_BODY = YES;
				CLANG_WARN_ENUM_CONVERSION = YES;
				CLANG_WARN_INFINITE_RECURSION = YES;
				CLANG_WARN_INT_CONVERSION = YES;
				CLANG_WARN_NON_LITERAL_NULL_CONVERSION = YES;
				CLANG_WARN_OBJC_IMPLICIT_RETAIN_SELF = YES;
				CLANG_WARN_OBJC_LITERAL_CONVERSION = YES;
				CLANG_WARN_OBJC_ROOT_CLASS = YES_ERROR;
				CLANG_WARN_RANGE_LOOP_ANALYSIS = YES;
				CLANG_WARN_STRICT_PROTOTYPES = YES;
				CLANG_WARN_SUSPICIOUS_MOVE = YES;
				CLANG_WARN_UNGUARDED_AVAILABILITY = YES_AGGRESSIVE;
				CLANG_WARN_UNREACHABLE_CODE = YES;
				CLANG_WARN__DUPLICATE_METHOD_MATCH = YES;
				CODE_SIGN_IDENTITY = "Mac Developer";
				COPY_PHASE_STRIP = NO;
				DEBUG_INFORMATION_FORMAT = dwarf;
				ENABLE_STRICT_OBJC_MSGSEND = YES;
				ENABLE_TESTABILITY = YES;
				GCC_C_LANGUAGE_STANDARD = gnu11;
				GCC_DYNAMIC_NO_PIC = NO;
				GCC_NO_COMMON_BLOCKS = YES;
				GCC_OPTIMIZATION_LEVEL = 0;
				GCC_PREPROCESSOR_DEFINITIONS = (
					"DEBUG=1",
					"$(inherited)",
				);
				GCC_WARN_64_TO_32_BIT_CONVERSION = YES;
				GCC_WARN_ABOUT_RETURN_TYPE = YES_ERROR;
				GCC_WARN_UNDECLARED_SELECTOR = YES;
				GCC_WARN_UNINITIALIZED_AUTOS = YES_AGGRESSIVE;
				GCC_WARN_UNUSED_FUNCTION = YES;
				GCC_WARN_UNUSED_VARIABLE = YES;
				MACOSX_DEPLOYMENT_TARGET = 10.13;
				MTL_ENABLE_DEBUG_INFO = INCLUDE_SOURCE;
				MTL_FAST_MATH = YES;
				ONLY_ACTIVE_ARCH = YES;
				SDKROOT = macosx;
				SWIFT_ACTIVE_COMPILATION_CONDITIONS = DEBUG;
				SWIFT_OPTIMIZATION_LEVEL = "-Onone";
			};
			name = Debug;
		};
		6703D5DF23EC531900FE4545 /* Release */ = {
			isa = XCBuildConfiguration;
			buildSettings = {
				ALWAYS_SEARCH_USER_PATHS = NO;
				CLANG_ANALYZER_NONNULL = YES;
				CLANG_ANALYZER_NUMBER_OBJECT_CONVERSION = YES_AGGRESSIVE;
				CLANG_CXX_LANGUAGE_STANDARD = "gnu++14";
				CLANG_CXX_LIBRARY = "libc++";
				CLANG_ENABLE_MODULES = YES;
				CLANG_ENABLE_OBJC_ARC = YES;
				CLANG_ENABLE_OBJC_WEAK = YES;
				CLANG_WARN_BLOCK_CAPTURE_AUTORELEASING = YES;
				CLANG_WARN_BOOL_CONVERSION = YES;
				CLANG_WARN_COMMA = YES;
				CLANG_WARN_CONSTANT_CONVERSION = YES;
				CLANG_WARN_DEPRECATED_OBJC_IMPLEMENTATIONS = YES;
				CLANG_WARN_DIRECT_OBJC_ISA_USAGE = YES_ERROR;
				CLANG_WARN_DOCUMENTATION_COMMENTS = YES;
				CLANG_WARN_EMPTY_BODY = YES;
				CLANG_WARN_ENUM_CONVERSION = YES;
				CLANG_WARN_INFINITE_RECURSION = YES;
				CLANG_WARN_INT_CONVERSION = YES;
				CLANG_WARN_NON_LITERAL_NULL_CONVERSION = YES;
				CLANG_WARN_OBJC_IMPLICIT_RETAIN_SELF = YES;
				CLANG_WARN_OBJC_LITERAL_CONVERSION = YES;
				CLANG_WARN_OBJC_ROOT_CLASS = YES_ERROR;
				CLANG_WARN_RANGE_LOOP_ANALYSIS = YES;
				CLANG_WARN_STRICT_PROTOTYPES = YES;
				CLANG_WARN_SUSPICIOUS_MOVE = YES;
				CLANG_WARN_UNGUARDED_AVAILABILITY = YES_AGGRESSIVE;
				CLANG_WARN_UNREACHABLE_CODE = YES;
				CLANG_WARN__DUPLICATE_METHOD_MATCH = YES;
				CODE_SIGN_IDENTITY = "Mac Developer";
				COPY_PHASE_STRIP = NO;
				DEBUG_INFORMATION_FORMAT = "dwarf-with-dsym";
				ENABLE_NS_ASSERTIONS = NO;
				ENABLE_STRICT_OBJC_MSGSEND = YES;
				GCC_C_LANGUAGE_STANDARD = gnu11;
				GCC_NO_COMMON_BLOCKS = YES;
				GCC_WARN_64_TO_32_BIT_CONVERSION = YES;
				GCC_WARN_ABOUT_RETURN_TYPE = YES_ERROR;
				GCC_WARN_UNDECLARED_SELECTOR = YES;
				GCC_WARN_UNINITIALIZED_AUTOS = YES_AGGRESSIVE;
				GCC_WARN_UNUSED_FUNCTION = YES;
				GCC_WARN_UNUSED_VARIABLE = YES;
				MACOSX_DEPLOYMENT_TARGET = 10.13;
				MTL_ENABLE_DEBUG_INFO = NO;
				MTL_FAST_MATH = YES;
				SDKROOT = macosx;
				SWIFT_COMPILATION_MODE = wholemodule;
				SWIFT_OPTIMIZATION_LEVEL = "-O";
			};
			name = Release;
		};
		6703D5E123EC531900FE4545 /* Debug */ = {
			isa = XCBuildConfiguration;
			buildSettings = {
				ASSETCATALOG_COMPILER_APPICON_NAME = AppIcon;
				CODE_SIGN_ENTITLEMENTS = HostBattery/HostBattery.entitlements;
				CODE_SIGN_STYLE = Automatic;
				COMBINE_HIDPI_IMAGES = YES;
				DEVELOPMENT_TEAM = H8VGF2DUBU;
				INFOPLIST_FILE = HostBattery/Info.plist;
				LD_RUNPATH_SEARCH_PATHS = (
					"$(inherited)",
					"@executable_path/../Frameworks",
				);
				PRODUCT_BUNDLE_IDENTIFIER = com.jechasteen.HostBattery;
				PRODUCT_NAME = "$(TARGET_NAME)";
				SWIFT_VERSION = 4.2;
			};
			name = Debug;
		};
		6703D5E223EC531900FE4545 /* Release */ = {
			isa = XCBuildConfiguration;
			buildSettings = {
				ASSETCATALOG_COMPILER_APPICON_NAME = AppIcon;
				CODE_SIGN_ENTITLEMENTS = HostBattery/HostBattery.entitlements;
				CODE_SIGN_STYLE = Automatic;
				COMBINE_HIDPI_IMAGES = YES;
				DEVELOPMENT_TEAM = H8VGF2DUBU;
				INFOPLIST_FILE = HostBattery/Info.plist;
				LD_RUNPATH_SEARCH_PATHS = (
					"$(inherited)",
					"@executable_path/../Frameworks",
				);
				PRODUCT_BUNDLE_IDENTIFIER = com.jechasteen.HostBattery;
				PRODUCT_NAME = "$(TARGET_NAME)";
				SWIFT_VERSION = 4.2;
			};
			name = Release;
		};
		6751932423F5B65E00ABFDDF /* Debug */ = {
			isa = XCBuildConfiguration;
			buildSettings = {
				ASSETCATALOG_COMPILER_APPICON_NAME = AppIcon;
				CODE_SIGN_ENTITLEMENTS = HostBatteryHelper/HostBatteryHelper.entitlements;
				CODE_SIGN_STYLE = Automatic;
				COMBINE_HIDPI_IMAGES = YES;
				DEVELOPMENT_TEAM = H8VGF2DUBU;
				INFOPLIST_FILE = HostBatteryHelper/Info.plist;
				LD_RUNPATH_SEARCH_PATHS = (
					"$(inherited)",
					"@executable_path/../Frameworks",
				);
				PRODUCT_BUNDLE_IDENTIFIER = com.jechasteen.HostBatteryHelper;
				PRODUCT_NAME = "$(TARGET_NAME)";
				SWIFT_VERSION = 4.2;
			};
			name = Debug;
		};
		6751932523F5B65E00ABFDDF /* Release */ = {
			isa = XCBuildConfiguration;
			buildSettings = {
				ASSETCATALOG_COMPILER_APPICON_NAME = AppIcon;
				CODE_SIGN_ENTITLEMENTS = HostBatteryHelper/HostBatteryHelper.entitlements;
				CODE_SIGN_STYLE = Automatic;
				COMBINE_HIDPI_IMAGES = YES;
				DEVELOPMENT_TEAM = H8VGF2DUBU;
				INFOPLIST_FILE = HostBatteryHelper/Info.plist;
				LD_RUNPATH_SEARCH_PATHS = (
					"$(inherited)",
					"@executable_path/../Frameworks",
				);
				PRODUCT_BUNDLE_IDENTIFIER = com.jechasteen.HostBatteryHelper;
				PRODUCT_NAME = "$(TARGET_NAME)";
				SWIFT_VERSION = 4.2;
			};
			name = Release;
		};
/* End XCBuildConfiguration section */

/* Begin XCConfigurationList section */
		6703D5CD23EC531800FE4545 /* Build configuration list for PBXProject "HostBattery" */ = {
			isa = XCConfigurationList;
			buildConfigurations = (
				6703D5DE23EC531900FE4545 /* Debug */,
				6703D5DF23EC531900FE4545 /* Release */,
			);
			defaultConfigurationIsVisible = 0;
			defaultConfigurationName = Release;
		};
		6703D5E023EC531900FE4545 /* Build configuration list for PBXNativeTarget "HostBattery" */ = {
			isa = XCConfigurationList;
			buildConfigurations = (
				6703D5E123EC531900FE4545 /* Debug */,
				6703D5E223EC531900FE4545 /* Release */,
			);
			defaultConfigurationIsVisible = 0;
			defaultConfigurationName = Release;
		};
		6751932323F5B65E00ABFDDF /* Build configuration list for PBXNativeTarget "HostBatteryHelper" */ = {
			isa = XCConfigurationList;
			buildConfigurations = (
				6751932423F5B65E00ABFDDF /* Debug */,
				6751932523F5B65E00ABFDDF /* Release */,
			);
			defaultConfigurationIsVisible = 0;
			defaultConfigurationName = Release;
		};
/* End XCConfigurationList section */
	};
	rootObject = 6703D5CA23EC531800FE4545 /* Project object */;
}
